
Microsoft Visual Studio Solution File, Format Version 12.00
# Visual Studio 15
VisualStudioVersion = 15.0.26124.0
MinimumVisualStudioVersion = 15.0.26124.0
Project("{FAE04EC0-301F-11D3-BF4B-00C04F79EFBC}") = "SECIDENT4.Web", "..\SECIDENT4.Web\SECIDENT4.Web.csproj", "{704C1C02-60AD-4C32-B29C-3D2211F398C2}"
EndProject
Project("{FAE04EC0-301F-11D3-BF4B-00C04F79EFBC}") = "SECIDENT4.Api", "..\SECIDENT4.Api\SECIDENT4.Api.csproj", "{5AE79B9C-2768-4143-8F06-039DB1D97896}"
EndProject
Project("{FAE04EC0-301F-11D3-BF4B-00C04F79EFBC}") = "SECIDENT.Client", "..\SECIDENT.Client\SECIDENT.Client.csproj", "{FDCE888D-4B72-46C4-9292-B386A4B66292}"
EndProject
Global
	GlobalSection(SolutionConfigurationPlatforms) = preSolution
		Debug|Any CPU = Debug|Any CPU
		Debug|x64 = Debug|x64
		Debug|x86 = Debug|x86
		Release|Any CPU = Release|Any CPU
		Release|x64 = Release|x64
		Release|x86 = Release|x86
	EndGlobalSection
	GlobalSection(SolutionProperties) = preSolution
		HideSolutionNode = FALSE
	EndGlobalSection
	GlobalSection(ProjectConfigurationPlatforms) = postSolution
		{704C1C02-60AD-4C32-B29C-3D2211F398C2}.Debug|Any CPU.ActiveCfg = Debug|Any CPU
		{704C1C02-60AD-4C32-B29C-3D2211F398C2}.Debug|Any CPU.Build.0 = Debug|Any CPU
		{704C1C02-60AD-4C32-B29C-3D2211F398C2}.Debug|x64.ActiveCfg = Debug|Any CPU
		{704C1C02-60AD-4C32-B29C-3D2211F398C2}.Debug|x64.Build.0 = Debug|Any CPU
		{704C1C02-60AD-4C32-B29C-3D2211F398C2}.Debug|x86.ActiveCfg = Debug|Any CPU
		{704C1C02-60AD-4C32-B29C-3D2211F398C2}.Debug|x86.Build.0 = Debug|Any CPU
		{704C1C02-60AD-4C32-B29C-3D2211F398C2}.Release|Any CPU.ActiveCfg = Release|Any CPU
		{704C1C02-60AD-4C32-B29C-3D2211F398C2}.Release|Any CPU.Build.0 = Release|Any CPU
		{704C1C02-60AD-4C32-B29C-3D2211F398C2}.Release|x64.ActiveCfg = Release|Any CPU
		{704C1C02-60AD-4C32-B29C-3D2211F398C2}.Release|x64.Build.0 = Release|Any CPU
		{704C1C02-60AD-4C32-B29C-3D2211F398C2}.Release|x86.ActiveCfg = Release|Any CPU
		{704C1C02-60AD-4C32-B29C-3D2211F398C2}.Release|x86.Build.0 = Release|Any CPU
		{5AE79B9C-2768-4143-8F06-039DB1D97896}.Debug|Any CPU.ActiveCfg = Debug|Any CPU
		{5AE79B9C-2768-4143-8F06-039DB1D97896}.Debug|Any CPU.Build.0 = Debug|Any CPU
		{5AE79B9C-2768-4143-8F06-039DB1D97896}.Debug|x64.ActiveCfg = Debug|Any CPU
		{5AE79B9C-2768-4143-8F06-039DB1D97896}.Debug|x64.Build.0 = Debug|Any CPU
		{5AE79B9C-2768-4143-8F06-039DB1D97896}.Debug|x86.ActiveCfg = Debug|Any CPU
		{5AE79B9C-2768-4143-8F06-039DB1D97896}.Debug|x86.Build.0 = Debug|Any CPU
		{5AE79B9C-2768-4143-8F06-039DB1D97896}.Release|Any CPU.ActiveCfg = Release|Any CPU
		{5AE79B9C-2768-4143-8F06-039DB1D97896}.Release|Any CPU.Build.0 = Release|Any CPU
		{5AE79B9C-2768-4143-8F06-039DB1D97896}.Release|x64.ActiveCfg = Release|Any CPU
		{5AE79B9C-2768-4143-8F06-039DB1D97896}.Release|x64.Build.0 = Release|Any CPU
		{5AE79B9C-2768-4143-8F06-039DB1D97896}.Release|x86.ActiveCfg = Release|Any CPU
		{5AE79B9C-2768-4143-8F06-039DB1D97896}.Release|x86.Build.0 = Release|Any CPU
		{FDCE888D-4B72-46C4-9292-B386A4B66292}.Debug|Any CPU.ActiveCfg = Debug|Any CPU
		{FDCE888D-4B72-46C4-9292-B386A4B66292}.Debug|Any CPU.Build.0 = Debug|Any CPU
		{FDCE888D-4B72-46C4-9292-B386A4B66292}.Debug|x64.ActiveCfg = Debug|Any CPU
		{FDCE888D-4B72-46C4-9292-B386A4B66292}.Debug|x64.Build.0 = Debug|Any CPU
		{FDCE888D-4B72-46C4-9292-B386A4B66292}.Debug|x86.ActiveCfg = Debug|Any CPU
		{FDCE888D-4B72-46C4-9292-B386A4B66292}.Debug|x86.Build.0 = Debug|Any CPU
		{FDCE888D-4B72-46C4-9292-B386A4B66292}.Release|Any CPU.ActiveCfg = Release|Any CPU
		{FDCE888D-4B72-46C4-9292-B386A4B66292}.Release|Any CPU.Build.0 = Release|Any CPU
		{FDCE888D-4B72-46C4-9292-B386A4B66292}.Release|x64.ActiveCfg = Release|Any CPU
		{FDCE888D-4B72-46C4-9292-B386A4B66292}.Release|x64.Build.0 = Release|Any CPU
		{FDCE888D-4B72-46C4-9292-B386A4B66292}.Release|x86.ActiveCfg = Release|Any CPU
		{FDCE888D-4B72-46C4-9292-B386A4B66292}.Release|x86.Build.0 = Release|Any CPU
	EndGlobalSection
EndGlobal
